
Microsoft Visual Studio Solution File, Format Version 12.00
# Visual Studio 15
VisualStudioVersion = 15.0.27428.2043
MinimumVisualStudioVersion = 10.0.40219.1
Project("{FAE04EC0-301F-11D3-BF4B-00C04F79EFBC}") = "ExplicitRungeKuttaMethod", "ExplicitRungeKuttaMethod\ExplicitRungeKuttaMethod.csproj", "{0ACA1D54-D991-46AC-A00D-2FBE15F180A8}"
EndProject
Global
	GlobalSection(SolutionConfigurationPlatforms) = preSolution
		Debug|Any CPU = Debug|Any CPU
		Release|Any CPU = Release|Any CPU
	EndGlobalSection
	GlobalSection(ProjectConfigurationPlatforms) = postSolution
		{0ACA1D54-D991-46AC-A00D-2FBE15F180A8}.Debug|Any CPU.ActiveCfg = Debug|Any CPU
		{0ACA1D54-D991-46AC-A00D-2FBE15F180A8}.Debug|Any CPU.Build.0 = Debug|Any CPU
		{0ACA1D54-D991-46AC-A00D-2FBE15F180A8}.Release|Any CPU.ActiveCfg = Release|Any CPU
		{0ACA1D54-D991-46AC-A00D-2FBE15F180A8}.Release|Any CPU.Build.0 = Release|Any CPU
	EndGlobalSection
	GlobalSection(SolutionProperties) = preSolution
		HideSolutionNode = FALSE
	EndGlobalSection
	GlobalSection(ExtensibilityGlobals) = postSolution
		SolutionGuid = {8F636C5D-F1D0-440B-8114-EFFEEC0700F1}
	EndGlobalSection
EndGlobal
